
Microsoft Visual Studio Solution File, Format Version 12.00
# Visual Studio Version 16
VisualStudioVersion = 16.0.30503.244
MinimumVisualStudioVersion = 10.0.40219.1
Project("{FAE04EC0-301F-11D3-BF4B-00C04F79EFBC}") = "MarsRoverProject", "MarsRoverProject\MarsRoverProject.csproj", "{297811DE-E091-45FF-9470-C2FC49435845}"
EndProject
Project("{FAE04EC0-301F-11D3-BF4B-00C04F79EFBC}") = "MarsRover.Entity", "MarsRover.Models\MarsRover.Entity.csproj", "{95D202AA-76CF-4369-A9BF-2DDC15CF8D5B}"
EndProject
Project("{FAE04EC0-301F-11D3-BF4B-00C04F79EFBC}") = "MarsRover.Service", "MarsRover.Service\MarsRover.Service.csproj", "{A5A85FAA-4C53-4678-862D-2B9B21130293}"
EndProject
Global
	GlobalSection(SolutionConfigurationPlatforms) = preSolution
		Debug|Any CPU = Debug|Any CPU
		Release|Any CPU = Release|Any CPU
	EndGlobalSection
	GlobalSection(ProjectConfigurationPlatforms) = postSolution
		{297811DE-E091-45FF-9470-C2FC49435845}.Debug|Any CPU.ActiveCfg = Debug|Any CPU
		{297811DE-E091-45FF-9470-C2FC49435845}.Debug|Any CPU.Build.0 = Debug|Any CPU
		{297811DE-E091-45FF-9470-C2FC49435845}.Release|Any CPU.ActiveCfg = Release|Any CPU
		{297811DE-E091-45FF-9470-C2FC49435845}.Release|Any CPU.Build.0 = Release|Any CPU
		{95D202AA-76CF-4369-A9BF-2DDC15CF8D5B}.Debug|Any CPU.ActiveCfg = Debug|Any CPU
		{95D202AA-76CF-4369-A9BF-2DDC15CF8D5B}.Debug|Any CPU.Build.0 = Debug|Any CPU
		{95D202AA-76CF-4369-A9BF-2DDC15CF8D5B}.Release|Any CPU.ActiveCfg = Release|Any CPU
		{95D202AA-76CF-4369-A9BF-2DDC15CF8D5B}.Release|Any CPU.Build.0 = Release|Any CPU
		{A5A85FAA-4C53-4678-862D-2B9B21130293}.Debug|Any CPU.ActiveCfg = Debug|Any CPU
		{A5A85FAA-4C53-4678-862D-2B9B21130293}.Debug|Any CPU.Build.0 = Debug|Any CPU
		{A5A85FAA-4C53-4678-862D-2B9B21130293}.Release|Any CPU.ActiveCfg = Release|Any CPU
		{A5A85FAA-4C53-4678-862D-2B9B21130293}.Release|Any CPU.Build.0 = Release|Any CPU
	EndGlobalSection
	GlobalSection(SolutionProperties) = preSolution
		HideSolutionNode = FALSE
	EndGlobalSection
	GlobalSection(ExtensibilityGlobals) = postSolution
		SolutionGuid = {E2AFFB89-08D4-49B8-8244-7BBEA6868CCB}
	EndGlobalSection
EndGlobal
